# generated by rye
# use `rye lock` or `rye sync` to update this lockfile
#
# last locked with the following flags:
#   pre: false
#   features: []
#   all-features: false
#   with-sources: false
#   generate-hashes: false

aiohttp==3.9.5
aiosignal==1.3.1
    # via aiohttp
annotated-types==0.7.0
    # via pydantic
anyio==4.4.0
    # via httpx
    # via starlette
    # via watchfiles
attrs==23.2.0
    # via aiohttp
certifi==2024.2.2
    # via httpcore
    # via httpx
    # via requests
cfgv==3.4.0
    # via pre-commit
charset-normalizer==3.3.2
    # via requests
click==8.1.7
    # via typer
    # via uvicorn
distlib==0.3.8
    # via virtualenv
dnspython==2.6.1
    # via email-validator
email-validator==2.1.1
    # via fastapi
fastapi==0.111.0
fastapi-cli==0.0.4
    # via fastapi
filelock==3.14.0
    # via huggingface-hub
    # via torch
    # via transformers
    # via virtualenv
filetype==1.2.0
    # via marker-pdf
    # via surya-ocr
frozenlist==1.4.1
    # via aiohttp
    # via aiosignal
fsspec==2024.5.0
    # via huggingface-hub
    # via torch
ftfy==6.2.0
    # via marker-pdf
    # via surya-ocr
    # via texify
grpcio==1.64.0
    # via marker-pdf
h11==0.14.0
    # via httpcore
    # via uvicorn
httpcore==1.0.5
    # via httpx
httptools==0.6.1
    # via uvicorn
httpx==0.27.0
    # via fastapi
huggingface-hub==0.23.2
    # via tokenizers
    # via transformers
identify==2.5.36
    # via pre-commit
idna==3.7
    # via anyio
    # via email-validator
    # via httpx
    # via requests
    # via yarl
jinja2==3.1.4
    # via fastapi
    # via torch
joblib==1.4.2
    # via scikit-learn
markdown-it-py==3.0.0
    # via rich
marker-pdf==0.2.13
markupsafe==2.1.5
    # via jinja2
mdurl==0.1.2
    # via markdown-it-py
mpmath==1.3.0
    # via sympy
multidict==6.0.5
    # via aiohttp
    # via yarl
networkx==3.3
    # via torch
nodeenv==1.9.0
    # via pre-commit
numpy==1.26.4
    # via marker-pdf
    # via opencv-python
    # via scikit-learn
    # via scipy
    # via texify
    # via torchvision
    # via transformers
opencv-python==4.9.0.80
    # via surya-ocr
orjson==3.10.3
    # via fastapi
packaging==24.0
    # via huggingface-hub
    # via transformers
pdftext==0.3.10
    # via marker-pdf
pillow==10.3.0
    # via marker-pdf
    # via surya-ocr
    # via texify
    # via torchvision
platformdirs==4.2.2
    # via virtualenv
pre-commit==3.7.1
pydantic==2.7.2
    # via fastapi
    # via marker-pdf
    # via pdftext
    # via pydantic-settings
    # via surya-ocr
    # via texify
pydantic-core==2.18.3
    # via pydantic
pydantic-settings==2.2.1
    # via marker-pdf
    # via pdftext
    # via surya-ocr
    # via texify
pygments==2.18.0
    # via rich
pypdfium2==4.30.0
    # via pdftext
    # via surya-ocr
    # via texify
python-dotenv==1.0.1
    # via marker-pdf
    # via pydantic-settings
    # via surya-ocr
    # via texify
    # via uvicorn
python-multipart==0.0.9
    # via fastapi
pyyaml==6.0.1
    # via huggingface-hub
    # via pre-commit
    # via transformers
    # via uvicorn
rapidfuzz==3.9.2
    # via marker-pdf
regex==2024.5.15
    # via marker-pdf
    # via transformers
requests==2.32.3
    # via huggingface-hub
    # via transformers
rich==13.7.1
    # via typer
safetensors==0.4.3
    # via transformers
scikit-learn==1.5.0
    # via marker-pdf
    # via pdftext
scipy==1.13.1
    # via scikit-learn
shellingham==1.5.4
    # via typer
sniffio==1.3.1
    # via anyio
    # via httpx
starlette==0.37.2
    # via fastapi
surya-ocr==0.4.12
    # via marker-pdf
sympy==1.12.1
    # via torch
tabulate==0.9.0
    # via marker-pdf
    # via surya-ocr
texify==0.1.9
    # via marker-pdf
threadpoolctl==3.5.0
    # via scikit-learn
tokenizers==0.19.1
    # via transformers
torch==2.3.0
    # via marker-pdf
    # via surya-ocr
    # via texify
    # via torchaudio
    # via torchvision
torchaudio==2.3.0
torchvision==0.18.0
tqdm==4.66.4
    # via huggingface-hub
    # via marker-pdf
    # via transformers
transformers==4.41.2
    # via marker-pdf
    # via surya-ocr
    # via texify
typer==0.12.3
    # via fastapi-cli
typing-extensions==4.12.0
    # via fastapi
    # via huggingface-hub
    # via pydantic
    # via pydantic-core
    # via torch
    # via typer
ujson==5.10.0
    # via fastapi
urllib3==2.2.1
    # via requests
uvicorn==0.30.0
    # via fastapi
uvloop==0.19.0
    # via uvicorn
virtualenv==20.26.2
    # via pre-commit
watchfiles==0.22.0
    # via uvicorn
wcwidth==0.2.13
    # via ftfy
websockets==12.0
    # via uvicorn
yarl==1.9.4
    # via aiohttp
